
Microsoft Visual Studio Solution File, Format Version 12.00
# Visual Studio Version 17
VisualStudioVersion = 17.8.34330.188
MinimumVisualStudioVersion = 10.0.40219.1
Project("{2150E333-8FDC-42A3-9474-1A3956D46DE8}") = "Presentation", "Presentation", "{CCAFA5CB-819C-4095-B3B0-FE3D42D1D073}"
EndProject
Project("{2150E333-8FDC-42A3-9474-1A3956D46DE8}") = "Infrastructure", "Infrastructure", "{8E8AC512-EC85-4F4F-B52D-3F844E0C63D4}"
EndProject
Project("{2150E333-8FDC-42A3-9474-1A3956D46DE8}") = "Application", "Application", "{A4EC3C72-E92B-4100-B63F-D338E70739CB}"
EndProject
Project("{9A19103F-16F7-4668-BE54-9A1E7A4F7556}") = "Tehut.UI", "Tehut.UI\Tehut.UI.csproj", "{F52E70F9-F082-4022-9B07-81DEE1137080}"
EndProject
Project("{9A19103F-16F7-4668-BE54-9A1E7A4F7556}") = "Tehut.Database", "Tehut.Database\Tehut.Database.csproj", "{15B30A58-8422-4EAD-8FE5-F93C8AB8C79D}"
EndProject
Project("{9A19103F-16F7-4668-BE54-9A1E7A4F7556}") = "Tehut.Core", "Tehut.Core\Tehut.Core.csproj", "{0E7A9627-DF11-4A4E-A3EE-8BD21B8C3C25}"
EndProject
Project("{9A19103F-16F7-4668-BE54-9A1E7A4F7556}") = "Tehut.Core.Tests", "Tehut.Core.Tests\Tehut.Core.Tests.csproj", "{B03BFC04-63C9-4581-B6DC-2746B60CBBA7}"
EndProject
Project("{9A19103F-16F7-4668-BE54-9A1E7A4F7556}") = "Tehut.Integration.Tests", "Tehut.Integration.Tests\Tehut.Integration.Tests.csproj", "{120D0B57-67B2-463C-B841-BC25ACBF93E6}"
EndProject
Project("{FAE04EC0-301F-11D3-BF4B-00C04F79EFBC}") = "Tehut.UI.Tests", "Tehut.UI.Tests\Tehut.UI.Tests.csproj", "{D0E68B38-08EB-49F3-AB14-9D235BEA521D}"
EndProject
Global
	GlobalSection(SolutionConfigurationPlatforms) = preSolution
		Debug|Any CPU = Debug|Any CPU
		Release|Any CPU = Release|Any CPU
	EndGlobalSection
	GlobalSection(ProjectConfigurationPlatforms) = postSolution
		{F52E70F9-F082-4022-9B07-81DEE1137080}.Debug|Any CPU.ActiveCfg = Debug|Any CPU
		{F52E70F9-F082-4022-9B07-81DEE1137080}.Debug|Any CPU.Build.0 = Debug|Any CPU
		{F52E70F9-F082-4022-9B07-81DEE1137080}.Release|Any CPU.ActiveCfg = Release|Any CPU
		{F52E70F9-F082-4022-9B07-81DEE1137080}.Release|Any CPU.Build.0 = Release|Any CPU
		{15B30A58-8422-4EAD-8FE5-F93C8AB8C79D}.Debug|Any CPU.ActiveCfg = Debug|Any CPU
		{15B30A58-8422-4EAD-8FE5-F93C8AB8C79D}.Debug|Any CPU.Build.0 = Debug|Any CPU
		{15B30A58-8422-4EAD-8FE5-F93C8AB8C79D}.Release|Any CPU.ActiveCfg = Release|Any CPU
		{15B30A58-8422-4EAD-8FE5-F93C8AB8C79D}.Release|Any CPU.Build.0 = Release|Any CPU
		{0E7A9627-DF11-4A4E-A3EE-8BD21B8C3C25}.Debug|Any CPU.ActiveCfg = Debug|Any CPU
		{0E7A9627-DF11-4A4E-A3EE-8BD21B8C3C25}.Debug|Any CPU.Build.0 = Debug|Any CPU
		{0E7A9627-DF11-4A4E-A3EE-8BD21B8C3C25}.Release|Any CPU.ActiveCfg = Release|Any CPU
		{0E7A9627-DF11-4A4E-A3EE-8BD21B8C3C25}.Release|Any CPU.Build.0 = Release|Any CPU
		{B03BFC04-63C9-4581-B6DC-2746B60CBBA7}.Debug|Any CPU.ActiveCfg = Debug|Any CPU
		{B03BFC04-63C9-4581-B6DC-2746B60CBBA7}.Debug|Any CPU.Build.0 = Debug|Any CPU
		{B03BFC04-63C9-4581-B6DC-2746B60CBBA7}.Release|Any CPU.ActiveCfg = Release|Any CPU
		{B03BFC04-63C9-4581-B6DC-2746B60CBBA7}.Release|Any CPU.Build.0 = Release|Any CPU
		{120D0B57-67B2-463C-B841-BC25ACBF93E6}.Debug|Any CPU.ActiveCfg = Debug|Any CPU
		{120D0B57-67B2-463C-B841-BC25ACBF93E6}.Debug|Any CPU.Build.0 = Debug|Any CPU
		{120D0B57-67B2-463C-B841-BC25ACBF93E6}.Release|Any CPU.ActiveCfg = Release|Any CPU
		{120D0B57-67B2-463C-B841-BC25ACBF93E6}.Release|Any CPU.Build.0 = Release|Any CPU
		{D0E68B38-08EB-49F3-AB14-9D235BEA521D}.Debug|Any CPU.ActiveCfg = Debug|Any CPU
		{D0E68B38-08EB-49F3-AB14-9D235BEA521D}.Debug|Any CPU.Build.0 = Debug|Any CPU
		{D0E68B38-08EB-49F3-AB14-9D235BEA521D}.Release|Any CPU.ActiveCfg = Release|Any CPU
		{D0E68B38-08EB-49F3-AB14-9D235BEA521D}.Release|Any CPU.Build.0 = Release|Any CPU
	EndGlobalSection
	GlobalSection(SolutionProperties) = preSolution
		HideSolutionNode = FALSE
	EndGlobalSection
	GlobalSection(NestedProjects) = preSolution
		{F52E70F9-F082-4022-9B07-81DEE1137080} = {CCAFA5CB-819C-4095-B3B0-FE3D42D1D073}
		{15B30A58-8422-4EAD-8FE5-F93C8AB8C79D} = {8E8AC512-EC85-4F4F-B52D-3F844E0C63D4}
		{0E7A9627-DF11-4A4E-A3EE-8BD21B8C3C25} = {A4EC3C72-E92B-4100-B63F-D338E70739CB}
		{B03BFC04-63C9-4581-B6DC-2746B60CBBA7} = {A4EC3C72-E92B-4100-B63F-D338E70739CB}
		{120D0B57-67B2-463C-B841-BC25ACBF93E6} = {A4EC3C72-E92B-4100-B63F-D338E70739CB}
		{D0E68B38-08EB-49F3-AB14-9D235BEA521D} = {CCAFA5CB-819C-4095-B3B0-FE3D42D1D073}
	EndGlobalSection
	GlobalSection(ExtensibilityGlobals) = postSolution
		SolutionGuid = {725869CB-BF25-41AD-9E83-3549C8FAF23D}
	EndGlobalSection
EndGlobal
